# This file is automatically @generated by Cargo.
# It is not intended for manual editing.
version = 3

[[package]]
name = "lazy_static"
version = "1.4.0"
source = "registry+https://github.com/rust-lang/crates.io-index"
checksum = "e2abad23fbc42b3700f2f279844dc832adb2b2eb069b2df918f455c4e18cc646"

[[package]]
name = "skynet_code"
version = "0.1.0"
dependencies = [
 "wpilib",
]

[[package]]
name = "wpilib"
version = "0.4.0"
source = "registry+https://github.com/rust-lang/crates.io-index"
checksum = "12dd8aaa87d2624d8cc3ceaa4c54ff9362c2602f3ef2612a0b618de2a368070b"
dependencies = [
 "lazy_static",
 "wpilib-sys",
]

[[package]]
name = "wpilib-sys"
version = "0.4.0"
source = "registry+https://github.com/rust-lang/crates.io-index"
checksum = "aac28154c5b91968d15d183a9fb512e5ad41837e0c838700e673285e0c59fdf0"
